// !$*UTF8*$!
{
	archiveVersion = 1;
	classes = {
	};
	objectVersion = 77;
	objects = {

/* Begin PBXBuildFile section */
		023F27F42E55A88700222310 /* Appwrite in Frameworks */ = {isa = PBXBuildFile; productRef = 023F27F32E55A88700222310 /* Appwrite */; };
		023F28052E55B57400222310 /* AnyCodable in Frameworks */ = {isa = PBXBuildFile; productRef = 023F28042E55B57400222310 /* AnyCodable */; };
/* End PBXBuildFile section */

/* Begin PBXContainerItemProxy section */
		023F27D22E550BDD00222310 /* PBXContainerItemProxy */ = {
			isa = PBXContainerItemProxy;
			containerPortal = 023F27BC2E550BDB00222310 /* Project object */;
			proxyType = 1;
			remoteGlobalIDString = 023F27C32E550BDB00222310;
			remoteInfo = FinanceTracker;
		};
		023F27DC2E550BDD00222310 /* PBXContainerItemProxy */ = {
			isa = PBXContainerItemProxy;
			containerPortal = 023F27BC2E550BDB00222310 /* Project object */;
			proxyType = 1;
			remoteGlobalIDString = 023F27C32E550BDB00222310;
			remoteInfo = FinanceTracker;
		};
/* End PBXContainerItemProxy section */

/* Begin PBXFileReference section */
		023F27C42E550BDB00222310 /* FinanceTracker.app */ = {isa = PBXFileReference; explicitFileType = wrapper.application; includeInIndex = 0; path = FinanceTracker.app; sourceTree = BUILT_PRODUCTS_DIR; };
		023F27D12E550BDD00222310 /* FinanceTrackerTests.xctest */ = {isa = PBXFileReference; explicitFileType = wrapper.cfbundle; includeInIndex = 0; path = FinanceTrackerTests.xctest; sourceTree = BUILT_PRODUCTS_DIR; };
		023F27DB2E550BDD00222310 /* FinanceTrackerUITests.xctest */ = {isa = PBXFileReference; explicitFileType = wrapper.cfbundle; includeInIndex = 0; path = FinanceTrackerUITests.xctest; sourceTree = BUILT_PRODUCTS_DIR; };
/* End PBXFileReference section */

/* Begin PBXFileSystemSynchronizedRootGroup section */
		023F27C62E550BDB00222310 /* FinanceTracker */ = {
			isa = PBXFileSystemSynchronizedRootGroup;
			path = FinanceTracker;
			sourceTree = "<group>";
		};
		023F27D42E550BDD00222310 /* FinanceTrackerTests */ = {
			isa = PBXFileSystemSynchronizedRootGroup;
			path = FinanceTrackerTests;
			sourceTree = "<group>";
		};
		023F27DE2E550BDD00222310 /* FinanceTrackerUITests */ = {
			isa = PBXFileSystemSynchronizedRootGroup;
			path = FinanceTrackerUITests;
			sourceTree = "<group>";
		};
/* End PBXFileSystemSynchronizedRootGroup section */

/* Begin PBXFrameworksBuildPhase section */
		023F27C12E550BDB00222310 /* Frameworks */ = {
			isa = PBXFrameworksBuildPhase;
			buildActionMask = 2147483647;
			files = (
				023F28052E55B57400222310 /* AnyCodable in Frameworks */,
				023F27F42E55A88700222310 /* Appwrite in Frameworks */,
			);
			runOnlyForDeploymentPostprocessing = 0;
		};
		023F27CE2E550BDD00222310 /* Frameworks */ = {
			isa = PBXFrameworksBuildPhase;
			buildActionMask = 2147483647;
			files = (
			);
			runOnlyForDeploymentPostprocessing = 0;
		};
		023F27D82E550BDD00222310 /* Frameworks */ = {
			isa = PBXFrameworksBuildPhase;
			buildActionMask = 2147483647;
			files = (
			);
			runOnlyForDeploymentPostprocessing = 0;
		};
/* End PBXFrameworksBuildPhase section */

/* Begin PBXGroup section */
		023F27BB2E550BDB00222310 = {
			isa = PBXGroup;
			children = (
				023F27C62E550BDB00222310 /* FinanceTracker */,
				023F27D42E550BDD00222310 /* FinanceTrackerTests */,
				023F27DE2E550BDD00222310 /* FinanceTrackerUITests */,
				023F27F22E55A88700222310 /* Frameworks */,
				023F27C52E550BDB00222310 /* Products */,
			);
			sourceTree = "<group>";
		};
		023F27C52E550BDB00222310 /* Products */ = {
			isa = PBXGroup;
			children = (
				023F27C42E550BDB00222310 /* FinanceTracker.app */,
				023F27D12E550BDD00222310 /* FinanceTrackerTests.xctest */,
				023F27DB2E550BDD00222310 /* FinanceTrackerUITests.xctest */,
			);
			name = Products;
			sourceTree = "<group>";
		};
		023F27F22E55A88700222310 /* Frameworks */ = {
			isa = PBXGroup;
			children = (
			);
			name = Frameworks;
			sourceTree = "<group>";
		};
/* End PBXGroup section */

/* Begin PBXNativeTarget section */
		023F27C32E550BDB00222310 /* FinanceTracker */ = {
			isa = PBXNativeTarget;
			buildConfigurationList = 023F27E52E550BDD00222310 /* Build configuration list for PBXNativeTarget "FinanceTracker" */;
			buildPhases = (
				023F27C02E550BDB00222310 /* Sources */,
				023F27C12E550BDB00222310 /* Frameworks */,
				023F27C22E550BDB00222310 /* Resources */,
			);
			buildRules = (
			);
			dependencies = (
			);
			fileSystemSynchronizedGroups = (
				023F27C62E550BDB00222310 /* FinanceTracker */,
			);
			name = FinanceTracker;
			packageProductDependencies = (
				023F27F32E55A88700222310 /* Appwrite */,
				023F28042E55B57400222310 /* AnyCodable */,
			);
			productName = FinanceTracker;
			productReference = 023F27C42E550BDB00222310 /* FinanceTracker.app */;
			productType = "com.apple.product-type.application";
		};
		023F27D02E550BDD00222310 /* FinanceTrackerTests */ = {
			isa = PBXNativeTarget;
			buildConfigurationList = 023F27E82E550BDD00222310 /* Build configuration list for PBXNativeTarget "FinanceTrackerTests" */;
			buildPhases = (
				023F27CD2E550BDD00222310 /* Sources */,
				023F27CE2E550BDD00222310 /* Frameworks */,
				023F27CF2E550BDD00222310 /* Resources */,
			);
			buildRules = (
			);
			dependencies = (
				023F27D32E550BDD00222310 /* PBXTargetDependency */,
			);
			fileSystemSynchronizedGroups = (
				023F27D42E550BDD00222310 /* FinanceTrackerTests */,
			);
			name = FinanceTrackerTests;
			packageProductDependencies = (
			);
			productName = FinanceTrackerTests;
			productReference = 023F27D12E550BDD00222310 /* FinanceTrackerTests.xctest */;
			productType = "com.apple.product-type.bundle.unit-test";
		};
		023F27DA2E550BDD00222310 /* FinanceTrackerUITests */ = {
			isa = PBXNativeTarget;
			buildConfigurationList = 023F27EB2E550BDD00222310 /* Build configuration list for PBXNativeTarget "FinanceTrackerUITests" */;
			buildPhases = (
				023F27D72E550BDD00222310 /* Sources */,
				023F27D82E550BDD00222310 /* Frameworks */,
				023F27D92E550BDD00222310 /* Resources */,
			);
			buildRules = (
			);
			dependencies = (
				023F27DD2E550BDD00222310 /* PBXTargetDependency */,
			);
			fileSystemSynchronizedGroups = (
				023F27DE2E550BDD00222310 /* FinanceTrackerUITests */,
			);
			name = FinanceTrackerUITests;
			packageProductDependencies = (
			);
			productName = FinanceTrackerUITests;
			productReference = 023F27DB2E550BDD00222310 /* FinanceTrackerUITests.xctest */;
			productType = "com.apple.product-type.bundle.ui-testing";
		};
/* End PBXNativeTarget section */

/* Begin PBXProject section */
		023F27BC2E550BDB00222310 /* Project object */ = {
			isa = PBXProject;
			attributes = {
				BuildIndependentTargetsInParallel = 1;
				LastSwiftUpdateCheck = 1640;
				LastUpgradeCheck = 1640;
				TargetAttributes = {
					023F27C32E550BDB00222310 = {
						CreatedOnToolsVersion = 16.4;
					};
					023F27D02E550BDD00222310 = {
						CreatedOnToolsVersion = 16.4;
						TestTargetID = 023F27C32E550BDB00222310;
					};
					023F27DA2E550BDD00222310 = {
						CreatedOnToolsVersion = 16.4;
						TestTargetID = 023F27C32E550BDB00222310;
					};
				};
			};
			buildConfigurationList = 023F27BF2E550BDB00222310 /* Build configuration list for PBXProject "FinanceTracker" */;
			developmentRegion = en;
			hasScannedForEncodings = 0;
			knownRegions = (
				en,
				Base,
			);
			mainGroup = 023F27BB2E550BDB00222310;
			minimizedProjectReferenceProxies = 1;
			packageReferences = (
				023F27EE2E550D5300222310 /* XCRemoteSwiftPackageReference "sdk-for-apple" */,
				023F28032E55B56800222310 /* XCRemoteSwiftPackageReference "AnyCodable" */,
				02D136EB2E7EF75F009F9FAA /* XCRemoteSwiftPackageReference "firebase-ios-sdk" */,
			);
			preferredProjectObjectVersion = 77;
			productRefGroup = 023F27C52E550BDB00222310 /* Products */;
			projectDirPath = "";
			projectRoot = "";
			targets = (
				023F27C32E550BDB00222310 /* FinanceTracker */,
				023F27D02E550BDD00222310 /* FinanceTrackerTests */,
				023F27DA2E550BDD00222310 /* FinanceTrackerUITests */,
			);
		};
/* End PBXProject section */

/* Begin PBXResourcesBuildPhase section */
		023F27C22E550BDB00222310 /* Resources */ = {
			isa = PBXResourcesBuildPhase;
			buildActionMask = 2147483647;
			files = (
			);
			runOnlyForDeploymentPostprocessing = 0;
		};
		023F27CF2E550BDD00222310 /* Resources */ = {
			isa = PBXResourcesBuildPhase;
			buildActionMask = 2147483647;
			files = (
			);
			runOnlyForDeploymentPostprocessing = 0;
		};
		023F27D92E550BDD00222310 /* Resources */ = {
			isa = PBXResourcesBuildPhase;
			buildActionMask = 2147483647;
			files = (
			);
			runOnlyForDeploymentPostprocessing = 0;
		};
/* End PBXResourcesBuildPhase section */

/* Begin PBXSourcesBuildPhase section */
		023F27C02E550BDB00222310 /* Sources */ = {
			isa = PBXSourcesBuildPhase;
			buildActionMask = 2147483647;
			files = (
			);
			runOnlyForDeploymentPostprocessing = 0;
		};
		023F27CD2E550BDD00222310 /* Sources */ = {
			isa = PBXSourcesBuildPhase;
			buildActionMask = 2147483647;
			files = (
			);
			runOnlyForDeploymentPostprocessing = 0;
		};
		023F27D72E550BDD00222310 /* Sources */ = {
			isa = PBXSourcesBuildPhase;
			buildActionMask = 2147483647;
			files = (
			);
			runOnlyForDeploymentPostprocessing = 0;
		};
/* End PBXSourcesBuildPhase section */

/* Begin PBXTargetDependency section */
		023F27D32E550BDD00222310 /* PBXTargetDependency */ = {
			isa = PBXTargetDependency;
			target = 023F27C32E550BDB00222310 /* FinanceTracker */;
			targetProxy = 023F27D22E550BDD00222310 /* PBXContainerItemProxy */;
		};
		023F27DD2E550BDD00222310 /* PBXTargetDependency */ = {
			isa = PBXTargetDependency;
			target = 023F27C32E550BDB00222310 /* FinanceTracker */;
			targetProxy = 023F27DC2E550BDD00222310 /* PBXContainerItemProxy */;
		};
/* End PBXTargetDependency section */

/* Begin XCBuildConfiguration section */
		023F27E32E550BDD00222310 /* Debug */ = {
			isa = XCBuildConfiguration;
			buildSettings = {
				ALWAYS_SEARCH_USER_PATHS = NO;
				ASSETCATALOG_COMPILER_GENERATE_SWIFT_ASSET_SYMBOL_EXTENSIONS = YES;
				CLANG_ANALYZER_NONNULL = YES;
				CLANG_ANALYZER_NUMBER_OBJECT_CONVERSION = YES_AGGRESSIVE;
				CLANG_CXX_LANGUAGE_STANDARD = "gnu++20";
				CLANG_ENABLE_MODULES = YES;
				CLANG_ENABLE_OBJC_ARC = YES;
				CLANG_ENABLE_OBJC_WEAK = YES;
				CLANG_WARN_BLOCK_CAPTURE_AUTORELEASING = YES;
				CLANG_WARN_BOOL_CONVERSION = YES;
				CLANG_WARN_COMMA = YES;
				CLANG_WARN_CONSTANT_CONVERSION = YES;
				CLANG_WARN_DEPRECATED_OBJC_IMPLEMENTATIONS = YES;
				CLANG_WARN_DIRECT_OBJC_ISA_USAGE = YES_ERROR;
				CLANG_WARN_DOCUMENTATION_COMMENTS = YES;
				CLANG_WARN_EMPTY_BODY = YES;
				CLANG_WARN_ENUM_CONVERSION = YES;
				CLANG_WARN_INFINITE_RECURSION = YES;
				CLANG_WARN_INT_CONVERSION = YES;
				CLANG_WARN_NON_LITERAL_NULL_CONVERSION = YES;
				CLANG_WARN_OBJC_IMPLICIT_RETAIN_SELF = YES;
				CLANG_WARN_OBJC_LITERAL_CONVERSION = YES;
				CLANG_WARN_OBJC_ROOT_CLASS = YES_ERROR;
				CLANG_WARN_QUOTED_INCLUDE_IN_FRAMEWORK_HEADER = YES;
				CLANG_WARN_RANGE_LOOP_ANALYSIS = YES;
				CLANG_WARN_STRICT_PROTOTYPES = YES;
				CLANG_WARN_SUSPICIOUS_MOVE = YES;
				CLANG_WARN_UNGUARDED_AVAILABILITY = YES_AGGRESSIVE;
				CLANG_WARN_UNREACHABLE_CODE = YES;
				CLANG_WARN__DUPLICATE_METHOD_MATCH = YES;
				COPY_PHASE_STRIP = NO;
				DEBUG_INFORMATION_FORMAT = dwarf;
				DEVELOPMENT_TEAM = 5J2U79B9VH;
				ENABLE_STRICT_OBJC_MSGSEND = YES;
				ENABLE_TESTABILITY = YES;
				ENABLE_USER_SCRIPT_SANDBOXING = YES;
				GCC_C_LANGUAGE_STANDARD = gnu17;
				GCC_DYNAMIC_NO_PIC = NO;
				GCC_NO_COMMON_BLOCKS = YES;
				GCC_OPTIMIZATION_LEVEL = 0;
				GCC_PREPROCESSOR_DEFINITIONS = (
					"DEBUG=1",
					"$(inherited)",
				);
				GCC_WARN_64_TO_32_BIT_CONVERSION = YES;
				GCC_WARN_ABOUT_RETURN_TYPE = YES_ERROR;
				GCC_WARN_UNDECLARED_SELECTOR = YES;
				GCC_WARN_UNINITIALIZED_AUTOS = YES_AGGRESSIVE;
				GCC_WARN_UNUSED_FUNCTION = YES;
				GCC_WARN_UNUSED_VARIABLE = YES;
				IPHONEOS_DEPLOYMENT_TARGET = 18.5;
				LOCALIZATION_PREFERS_STRING_CATALOGS = YES;
				MTL_ENABLE_DEBUG_INFO = INCLUDE_SOURCE;
				MTL_FAST_MATH = YES;
				ONLY_ACTIVE_ARCH = YES;
				SDKROOT = iphoneos;
				SWIFT_ACTIVE_COMPILATION_CONDITIONS = "DEBUG $(inherited)";
				SWIFT_OPTIMIZATION_LEVEL = "-Onone";
			};
			name = Debug;
		};
		023F27E42E550BDD00222310 /* Release */ = {
			isa = XCBuildConfiguration;
			buildSettings = {
				ALWAYS_SEARCH_USER_PATHS = NO;
				ASSETCATALOG_COMPILER_GENERATE_SWIFT_ASSET_SYMBOL_EXTENSIONS = YES;
				CLANG_ANALYZER_NONNULL = YES;
				CLANG_ANALYZER_NUMBER_OBJECT_CONVERSION = YES_AGGRESSIVE;
				CLANG_CXX_LANGUAGE_STANDARD = "gnu++20";
				CLANG_ENABLE_MODULES = YES;
				CLANG_ENABLE_OBJC_ARC = YES;
				CLANG_ENABLE_OBJC_WEAK = YES;
				CLANG_WARN_BLOCK_CAPTURE_AUTORELEASING = YES;
				CLANG_WARN_BOOL_CONVERSION = YES;
				CLANG_WARN_COMMA = YES;
				CLANG_WARN_CONSTANT_CONVERSION = YES;
				CLANG_WARN_DEPRECATED_OBJC_IMPLEMENTATIONS = YES;
				CLANG_WARN_DIRECT_OBJC_ISA_USAGE = YES_ERROR;
				CLANG_WARN_DOCUMENTATION_COMMENTS = YES;
				CLANG_WARN_EMPTY_BODY = YES;
				CLANG_WARN_ENUM_CONVERSION = YES;
				CLANG_WARN_INFINITE_RECURSION = YES;
				CLANG_WARN_INT_CONVERSION = YES;
				CLANG_WARN_NON_LITERAL_NULL_CONVERSION = YES;
				CLANG_WARN_OBJC_IMPLICIT_RETAIN_SELF = YES;
				CLANG_WARN_OBJC_LITERAL_CONVERSION = YES;
				CLANG_WARN_OBJC_ROOT_CLASS = YES_ERROR;
				CLANG_WARN_QUOTED_INCLUDE_IN_FRAMEWORK_HEADER = YES;
				CLANG_WARN_RANGE_LOOP_ANALYSIS = YES;
				CLANG_WARN_STRICT_PROTOTYPES = YES;
				CLANG_WARN_SUSPICIOUS_MOVE = YES;
				CLANG_WARN_UNGUARDED_AVAILABILITY = YES_AGGRESSIVE;
				CLANG_WARN_UNREACHABLE_CODE = YES;
				CLANG_WARN__DUPLICATE_METHOD_MATCH = YES;
				COPY_PHASE_STRIP = NO;
				DEBUG_INFORMATION_FORMAT = "dwarf-with-dsym";
				DEVELOPMENT_TEAM = 5J2U79B9VH;
				ENABLE_NS_ASSERTIONS = NO;
				ENABLE_STRICT_OBJC_MSGSEND = YES;
				ENABLE_USER_SCRIPT_SANDBOXING = YES;
				GCC_C_LANGUAGE_STANDARD = gnu17;
				GCC_NO_COMMON_BLOCKS = YES;
				GCC_WARN_64_TO_32_BIT_CONVERSION = YES;
				GCC_WARN_ABOUT_RETURN_TYPE = YES_ERROR;
				GCC_WARN_UNDECLARED_SELECTOR = YES;
				GCC_WARN_UNINITIALIZED_AUTOS = YES_AGGRESSIVE;
				GCC_WARN_UNUSED_FUNCTION = YES;
				GCC_WARN_UNUSED_VARIABLE = YES;
				IPHONEOS_DEPLOYMENT_TARGET = 18.5;
				LOCALIZATION_PREFERS_STRING_CATALOGS = YES;
				MTL_ENABLE_DEBUG_INFO = NO;
				MTL_FAST_MATH = YES;
				SDKROOT = iphoneos;
				SWIFT_COMPILATION_MODE = wholemodule;
				VALIDATE_PRODUCT = YES;
			};
			name = Release;
		};
		023F27E62E550BDD00222310 /* Debug */ = {
			isa = XCBuildConfiguration;
			buildSettings = {
				ASSETCATALOG_COMPILER_APPICON_NAME = AppIcon;
				ASSETCATALOG_COMPILER_GLOBAL_ACCENT_COLOR_NAME = AccentColor;
				CODE_SIGN_STYLE = Automatic;
				CURRENT_PROJECT_VERSION = 1;
				DEVELOPMENT_TEAM = 5J2U79B9VH;
				ENABLE_PREVIEWS = YES;
				GENERATE_INFOPLIST_FILE = YES;
				INFOPLIST_KEY_UIApplicationSceneManifest_Generation = YES;
				INFOPLIST_KEY_UIApplicationSupportsIndirectInputEvents = YES;
				INFOPLIST_KEY_UILaunchScreen_Generation = YES;
				INFOPLIST_KEY_UISupportedInterfaceOrientations_iPad = "UIInterfaceOrientationPortrait UIInterfaceOrientationPortraitUpsideDown UIInterfaceOrientationLandscapeLeft UIInterfaceOrientationLandscapeRight";
				INFOPLIST_KEY_UISupportedInterfaceOrientations_iPhone = "UIInterfaceOrientationPortrait UIInterfaceOrientationLandscapeLeft UIInterfaceOrientationLandscapeRight";
				LD_RUNPATH_SEARCH_PATHS = (
					"$(inherited)",
					"@executable_path/Frameworks",
				);
				MARKETING_VERSION = 1.0;
				PRODUCT_BUNDLE_IDENTIFIER = londolani.FinanceTracker;
				PRODUCT_NAME = "$(TARGET_NAME)";
				SWIFT_EMIT_LOC_STRINGS = YES;
				SWIFT_VERSION = 5.0;
				TARGETED_DEVICE_FAMILY = "1,2";
			};
			name = Debug;
		};
		023F27E72E550BDD00222310 /* Release */ = {
			isa = XCBuildConfiguration;
			buildSettings = {
				ASSETCATALOG_COMPILER_APPICON_NAME = AppIcon;
				ASSETCATALOG_COMPILER_GLOBAL_ACCENT_COLOR_NAME = AccentColor;
				CODE_SIGN_STYLE = Automatic;
				CURRENT_PROJECT_VERSION = 1;
				DEVELOPMENT_TEAM = 5J2U79B9VH;
				ENABLE_PREVIEWS = YES;
				GENERATE_INFOPLIST_FILE = YES;
				INFOPLIST_KEY_UIApplicationSceneManifest_Generation = YES;
				INFOPLIST_KEY_UIApplicationSupportsIndirectInputEvents = YES;
				INFOPLIST_KEY_UILaunchScreen_Generation = YES;
				INFOPLIST_KEY_UISupportedInterfaceOrientations_iPad = "UIInterfaceOrientationPortrait UIInterfaceOrientationPortraitUpsideDown UIInterfaceOrientationLandscapeLeft UIInterfaceOrientationLandscapeRight";
				INFOPLIST_KEY_UISupportedInterfaceOrientations_iPhone = "UIInterfaceOrientationPortrait UIInterfaceOrientationLandscapeLeft UIInterfaceOrientationLandscapeRight";
				LD_RUNPATH_SEARCH_PATHS = (
					"$(inherited)",
					"@executable_path/Frameworks",
				);
				MARKETING_VERSION = 1.0;
				PRODUCT_BUNDLE_IDENTIFIER = londolani.FinanceTracker;
				PRODUCT_NAME = "$(TARGET_NAME)";
				SWIFT_EMIT_LOC_STRINGS = YES;
				SWIFT_VERSION = 5.0;
				TARGETED_DEVICE_FAMILY = "1,2";
			};
			name = Release;
		};
		023F27E92E550BDD00222310 /* Debug */ = {
			isa = XCBuildConfiguration;
			buildSettings = {
				BUNDLE_LOADER = "$(TEST_HOST)";
				CODE_SIGN_STYLE = Automatic;
				CURRENT_PROJECT_VERSION = 1;
				DEVELOPMENT_TEAM = 5J2U79B9VH;
				GENERATE_INFOPLIST_FILE = YES;
				IPHONEOS_DEPLOYMENT_TARGET = 18.5;
				MARKETING_VERSION = 1.0;
				PRODUCT_BUNDLE_IDENTIFIER = londolani.FinanceTrackerTests;
				PRODUCT_NAME = "$(TARGET_NAME)";
				SWIFT_EMIT_LOC_STRINGS = NO;
				SWIFT_VERSION = 5.0;
				TARGETED_DEVICE_FAMILY = "1,2";
				TEST_HOST = "$(BUILT_PRODUCTS_DIR)/FinanceTracker.app/$(BUNDLE_EXECUTABLE_FOLDER_PATH)/FinanceTracker";
			};
			name = Debug;
		};
		023F27EA2E550BDD00222310 /* Release */ = {
			isa = XCBuildConfiguration;
			buildSettings = {
				BUNDLE_LOADER = "$(TEST_HOST)";
				CODE_SIGN_STYLE = Automatic;
				CURRENT_PROJECT_VERSION = 1;
				DEVELOPMENT_TEAM = 5J2U79B9VH;
				GENERATE_INFOPLIST_FILE = YES;
				IPHONEOS_DEPLOYMENT_TARGET = 18.5;
				MARKETING_VERSION = 1.0;
				PRODUCT_BUNDLE_IDENTIFIER = londolani.FinanceTrackerTests;
				PRODUCT_NAME = "$(TARGET_NAME)";
				SWIFT_EMIT_LOC_STRINGS = NO;
				SWIFT_VERSION = 5.0;
				TARGETED_DEVICE_FAMILY = "1,2";
				TEST_HOST = "$(BUILT_PRODUCTS_DIR)/FinanceTracker.app/$(BUNDLE_EXECUTABLE_FOLDER_PATH)/FinanceTracker";
			};
			name = Release;
		};
		023F27EC2E550BDD00222310 /* Debug */ = {
			isa = XCBuildConfiguration;
			buildSettings = {
				CODE_SIGN_STYLE = Automatic;
				CURRENT_PROJECT_VERSION = 1;
				DEVELOPMENT_TEAM = 5J2U79B9VH;
				GENERATE_INFOPLIST_FILE = YES;
				MARKETING_VERSION = 1.0;
				PRODUCT_BUNDLE_IDENTIFIER = londolani.FinanceTrackerUITests;
				PRODUCT_NAME = "$(TARGET_NAME)";
				SWIFT_EMIT_LOC_STRINGS = NO;
				SWIFT_VERSION = 5.0;
				TARGETED_DEVICE_FAMILY = "1,2";
				TEST_TARGET_NAME = FinanceTracker;
			};
			name = Debug;
		};
		023F27ED2E550BDD00222310 /* Release */ = {
			isa = XCBuildConfiguration;
			buildSettings = {
				CODE_SIGN_STYLE = Automatic;
				CURRENT_PROJECT_VERSION = 1;
				DEVELOPMENT_TEAM = 5J2U79B9VH;
				GENERATE_INFOPLIST_FILE = YES;
				MARKETING_VERSION = 1.0;
				PRODUCT_BUNDLE_IDENTIFIER = londolani.FinanceTrackerUITests;
				PRODUCT_NAME = "$(TARGET_NAME)";
				SWIFT_EMIT_LOC_STRINGS = NO;
				SWIFT_VERSION = 5.0;
				TARGETED_DEVICE_FAMILY = "1,2";
				TEST_TARGET_NAME = FinanceTracker;
			};
			name = Release;
		};
/* End XCBuildConfiguration section */

/* Begin XCConfigurationList section */
		023F27BF2E550BDB00222310 /* Build configuration list for PBXProject "FinanceTracker" */ = {
			isa = XCConfigurationList;
			buildConfigurations = (
				023F27E32E550BDD00222310 /* Debug */,
				023F27E42E550BDD00222310 /* Release */,
			);
			defaultConfigurationIsVisible = 0;
			defaultConfigurationName = Release;
		};
		023F27E52E550BDD00222310 /* Build configuration list for PBXNativeTarget "FinanceTracker" */ = {
			isa = XCConfigurationList;
			buildConfigurations = (
				023F27E62E550BDD00222310 /* Debug */,
				023F27E72E550BDD00222310 /* Release */,
			);
			defaultConfigurationIsVisible = 0;
			defaultConfigurationName = Release;
		};
		023F27E82E550BDD00222310 /* Build configuration list for PBXNativeTarget "FinanceTrackerTests" */ = {
			isa = XCConfigurationList;
			buildConfigurations = (
				023F27E92E550BDD00222310 /* Debug */,
				023F27EA2E550BDD00222310 /* Release */,
			);
			defaultConfigurationIsVisible = 0;
			defaultConfigurationName = Release;
		};
		023F27EB2E550BDD00222310 /* Build configuration list for PBXNativeTarget "FinanceTrackerUITests" */ = {
			isa = XCConfigurationList;
			buildConfigurations = (
				023F27EC2E550BDD00222310 /* Debug */,
				023F27ED2E550BDD00222310 /* Release */,
			);
			defaultConfigurationIsVisible = 0;
			defaultConfigurationName = Release;
		};
/* End XCConfigurationList section */

/* Begin XCRemoteSwiftPackageReference section */
		023F27EE2E550D5300222310 /* XCRemoteSwiftPackageReference "sdk-for-apple" */ = {
			isa = XCRemoteSwiftPackageReference;
			repositoryURL = "https://github.com/appwrite/sdk-for-apple.git";
			requirement = {
				kind = upToNextMajorVersion;
				minimumVersion = 10.2.0;
			};
		};
		023F28032E55B56800222310 /* XCRemoteSwiftPackageReference "AnyCodable" */ = {
			isa = XCRemoteSwiftPackageReference;
			repositoryURL = "https://github.com/Flight-School/AnyCodable";
			requirement = {
				kind = upToNextMajorVersion;
				minimumVersion = 0.6.7;
			};
		};
		02D136EB2E7EF75F009F9FAA /* XCRemoteSwiftPackageReference "firebase-ios-sdk" */ = {
			isa = XCRemoteSwiftPackageReference;
			repositoryURL = "https://github.com/firebase/firebase-ios-sdk";
			requirement = {
				kind = upToNextMajorVersion;
				minimumVersion = 12.3.0;
			};
		};
/* End XCRemoteSwiftPackageReference section */

/* Begin XCSwiftPackageProductDependency section */
		023F27F32E55A88700222310 /* Appwrite */ = {
			isa = XCSwiftPackageProductDependency;
			package = 023F27EE2E550D5300222310 /* XCRemoteSwiftPackageReference "sdk-for-apple" */;
			productName = Appwrite;
		};
		023F28042E55B57400222310 /* AnyCodable */ = {
			isa = XCSwiftPackageProductDependency;
			package = 023F28032E55B56800222310 /* XCRemoteSwiftPackageReference "AnyCodable" */;
			productName = AnyCodable;
		};
/* End XCSwiftPackageProductDependency section */
	};
	rootObject = 023F27BC2E550BDB00222310 /* Project object */;
}
